// !$*UTF8*$!
{
	archiveVersion = 1;
	classes = {
	};
	objectVersion = 46;
	objects = {

/* Begin PBXBuildFile section */
		B001C0671BB2D7F300421F81 /* main.m in Sources */ = {isa = PBXBuildFile; fileRef = B001C0661BB2D7F300421F81 /* main.m */; };
		B001C06A1BB2D7F300421F81 /* AppDelegate.m in Sources */ = {isa = PBXBuildFile; fileRef = B001C0691BB2D7F300421F81 /* AppDelegate.m */; };
		B001C0731BB2D7F300421F81 /* MiniDo.xcdatamodeld in Sources */ = {isa = PBXBuildFile; fileRef = B001C0711BB2D7F300421F81 /* MiniDo.xcdatamodeld */; };
		B001C0751BB2D7F300421F81 /* Assets.xcassets in Resources */ = {isa = PBXBuildFile; fileRef = B001C0741BB2D7F300421F81 /* Assets.xcassets */; };
		B001C0781BB2D7F300421F81 /* LaunchScreen.storyboard in Resources */ = {isa = PBXBuildFile; fileRef = B001C0761BB2D7F300421F81 /* LaunchScreen.storyboard */; };
		B001C0831BB2D7F300421F81 /* MiniDoTests.m in Sources */ = {isa = PBXBuildFile; fileRef = B001C0821BB2D7F300421F81 /* MiniDoTests.m */; };
		B001C08E1BB2D7F300421F81 /* MiniDoUITests.m in Sources */ = {isa = PBXBuildFile; fileRef = B001C08D1BB2D7F300421F81 /* MiniDoUITests.m */; };
		B001C0A01BB2E5F200421F81 /* MDDataIO.m in Sources */ = {isa = PBXBuildFile; fileRef = B001C09F1BB2E5F200421F81 /* MDDataIO.m */; };
		B001C0A11BB2E5F200421F81 /* MDDataIO.m in Sources */ = {isa = PBXBuildFile; fileRef = B001C09F1BB2E5F200421F81 /* MDDataIO.m */; };
		B001C0A51BB2E64000421F81 /* MDViewController.m in Sources */ = {isa = PBXBuildFile; fileRef = B001C0A41BB2E64000421F81 /* MDViewController.m */; };
		B001C0A61BB2E64000421F81 /* MDViewController.m in Sources */ = {isa = PBXBuildFile; fileRef = B001C0A41BB2E64000421F81 /* MDViewController.m */; };
		B001C0A71BB2E64000421F81 /* MDViewController.m in Sources */ = {isa = PBXBuildFile; fileRef = B001C0A41BB2E64000421F81 /* MDViewController.m */; };
		B001C0AB1BB2EBC500421F81 /* MDBaseViewController.m in Sources */ = {isa = PBXBuildFile; fileRef = B001C0AA1BB2EBC500421F81 /* MDBaseViewController.m */; };
		B001C0AC1BB2EBC500421F81 /* MDBaseViewController.m in Sources */ = {isa = PBXBuildFile; fileRef = B001C0AA1BB2EBC500421F81 /* MDBaseViewController.m */; };
		B001C0AD1BB2EBC500421F81 /* MDBaseViewController.m in Sources */ = {isa = PBXBuildFile; fileRef = B001C0AA1BB2EBC500421F81 /* MDBaseViewController.m */; };
		B0268D241BB96BDD0008AC2E /* MDDataObject+CoreDataProperties.m in Sources */ = {isa = PBXBuildFile; fileRef = B0268D211BB96BDD0008AC2E /* MDDataObject+CoreDataProperties.m */; settings = {ASSET_TAGS = (); }; };
		B0268D251BB96BDD0008AC2E /* MDDataObject+CoreDataProperties.m in Sources */ = {isa = PBXBuildFile; fileRef = B0268D211BB96BDD0008AC2E /* MDDataObject+CoreDataProperties.m */; settings = {ASSET_TAGS = (); }; };
		B0268D261BB96BDD0008AC2E /* MDDataObject+CoreDataProperties.m in Sources */ = {isa = PBXBuildFile; fileRef = B0268D211BB96BDD0008AC2E /* MDDataObject+CoreDataProperties.m */; settings = {ASSET_TAGS = (); }; };
		B0268D271BB96BDD0008AC2E /* MDDataObject.m in Sources */ = {isa = PBXBuildFile; fileRef = B0268D231BB96BDD0008AC2E /* MDDataObject.m */; settings = {ASSET_TAGS = (); }; };
		B0268D281BB96BDD0008AC2E /* MDDataObject.m in Sources */ = {isa = PBXBuildFile; fileRef = B0268D231BB96BDD0008AC2E /* MDDataObject.m */; settings = {ASSET_TAGS = (); }; };
		B0268D291BB96BDD0008AC2E /* MDDataObject.m in Sources */ = {isa = PBXBuildFile; fileRef = B0268D231BB96BDD0008AC2E /* MDDataObject.m */; settings = {ASSET_TAGS = (); }; };
		B03680D21BB468FB00A8DA96 /* MDToDoListTableViewCell.m in Sources */ = {isa = PBXBuildFile; fileRef = B03680D11BB468FB00A8DA96 /* MDToDoListTableViewCell.m */; };
		B03680D31BB468FB00A8DA96 /* MDToDoListTableViewCell.m in Sources */ = {isa = PBXBuildFile; fileRef = B03680D11BB468FB00A8DA96 /* MDToDoListTableViewCell.m */; };
		B03680D41BB468FB00A8DA96 /* MDToDoListTableViewCell.m in Sources */ = {isa = PBXBuildFile; fileRef = B03680D11BB468FB00A8DA96 /* MDToDoListTableViewCell.m */; };
		B03680D71BB4691700A8DA96 /* MDToDoItemView.m in Sources */ = {isa = PBXBuildFile; fileRef = B03680D61BB4691700A8DA96 /* MDToDoItemView.m */; };
		B03680D81BB4691700A8DA96 /* MDToDoItemView.m in Sources */ = {isa = PBXBuildFile; fileRef = B03680D61BB4691700A8DA96 /* MDToDoItemView.m */; };
		B03680D91BB4691700A8DA96 /* MDToDoItemView.m in Sources */ = {isa = PBXBuildFile; fileRef = B03680D61BB4691700A8DA96 /* MDToDoItemView.m */; };
		B03680E11BB46A5D00A8DA96 /* MDToDoListViewController.m in Sources */ = {isa = PBXBuildFile; fileRef = B03680E01BB46A5D00A8DA96 /* MDToDoListViewController.m */; };
		B03680E21BB46A5D00A8DA96 /* MDToDoListViewController.m in Sources */ = {isa = PBXBuildFile; fileRef = B03680E01BB46A5D00A8DA96 /* MDToDoListViewController.m */; };
		B03680E31BB46A5D00A8DA96 /* MDToDoListViewController.m in Sources */ = {isa = PBXBuildFile; fileRef = B03680E01BB46A5D00A8DA96 /* MDToDoListViewController.m */; };
		B03680E61BB4926D00A8DA96 /* Background.jpg in Resources */ = {isa = PBXBuildFile; fileRef = B03680E51BB4926D00A8DA96 /* Background.jpg */; };
		B03680E71BB4927200A8DA96 /* Background.jpg in Resources */ = {isa = PBXBuildFile; fileRef = B03680E51BB4926D00A8DA96 /* Background.jpg */; };
		B03680EB1BB4958900A8DA96 /* Dosis-Book.ttf in Resources */ = {isa = PBXBuildFile; fileRef = B03680E81BB4958900A8DA96 /* Dosis-Book.ttf */; };
		B03680EC1BB4958900A8DA96 /* Dosis-Book.ttf in Resources */ = {isa = PBXBuildFile; fileRef = B03680E81BB4958900A8DA96 /* Dosis-Book.ttf */; };
		B03680ED1BB4958900A8DA96 /* Dosis-ExtraLight.ttf in Resources */ = {isa = PBXBuildFile; fileRef = B03680E91BB4958900A8DA96 /* Dosis-ExtraLight.ttf */; };
		B03680EE1BB4958900A8DA96 /* Dosis-ExtraLight.ttf in Resources */ = {isa = PBXBuildFile; fileRef = B03680E91BB4958900A8DA96 /* Dosis-ExtraLight.ttf */; };
		B03680EF1BB4958900A8DA96 /* Dosis-Medium.ttf in Resources */ = {isa = PBXBuildFile; fileRef = B03680EA1BB4958900A8DA96 /* Dosis-Medium.ttf */; };
		B03680F01BB4958900A8DA96 /* Dosis-Medium.ttf in Resources */ = {isa = PBXBuildFile; fileRef = B03680EA1BB4958900A8DA96 /* Dosis-Medium.ttf */; };
		B06951271BB7226600D2577E /* MDBaseAddBtn.m in Sources */ = {isa = PBXBuildFile; fileRef = B06951261BB7226600D2577E /* MDBaseAddBtn.m */; };
		B06951281BB7226600D2577E /* MDBaseAddBtn.m in Sources */ = {isa = PBXBuildFile; fileRef = B06951261BB7226600D2577E /* MDBaseAddBtn.m */; };
		B06951291BB7226600D2577E /* MDBaseAddBtn.m in Sources */ = {isa = PBXBuildFile; fileRef = B06951261BB7226600D2577E /* MDBaseAddBtn.m */; };
		B0730F631BB7EEF300033FD2 /* MDToDoObject+CoreDataProperties.m in Sources */ = {isa = PBXBuildFile; fileRef = B0730F561BB7EEF300033FD2 /* MDToDoObject+CoreDataProperties.m */; };
		B0730F641BB7EEF300033FD2 /* MDToDoObject+CoreDataProperties.m in Sources */ = {isa = PBXBuildFile; fileRef = B0730F561BB7EEF300033FD2 /* MDToDoObject+CoreDataProperties.m */; };
		B0730F651BB7EEF300033FD2 /* MDToDoObject+CoreDataProperties.m in Sources */ = {isa = PBXBuildFile; fileRef = B0730F561BB7EEF300033FD2 /* MDToDoObject+CoreDataProperties.m */; };
		B0730F661BB7EEF300033FD2 /* MDToDoObject.m in Sources */ = {isa = PBXBuildFile; fileRef = B0730F581BB7EEF300033FD2 /* MDToDoObject.m */; };
		B0730F671BB7EEF300033FD2 /* MDToDoObject.m in Sources */ = {isa = PBXBuildFile; fileRef = B0730F581BB7EEF300033FD2 /* MDToDoObject.m */; };
		B0730F681BB7EEF300033FD2 /* MDToDoObject.m in Sources */ = {isa = PBXBuildFile; fileRef = B0730F581BB7EEF300033FD2 /* MDToDoObject.m */; };
		B0730F691BB7EEF300033FD2 /* MDUserObject+CoreDataProperties.m in Sources */ = {isa = PBXBuildFile; fileRef = B0730F5A1BB7EEF300033FD2 /* MDUserObject+CoreDataProperties.m */; };
		B0730F6A1BB7EEF300033FD2 /* MDUserObject+CoreDataProperties.m in Sources */ = {isa = PBXBuildFile; fileRef = B0730F5A1BB7EEF300033FD2 /* MDUserObject+CoreDataProperties.m */; };
		B0730F6B1BB7EEF300033FD2 /* MDUserObject+CoreDataProperties.m in Sources */ = {isa = PBXBuildFile; fileRef = B0730F5A1BB7EEF300033FD2 /* MDUserObject+CoreDataProperties.m */; };
		B0730F6C1BB7EEF300033FD2 /* MDUserObject.m in Sources */ = {isa = PBXBuildFile; fileRef = B0730F5C1BB7EEF300033FD2 /* MDUserObject.m */; };
		B0730F6D1BB7EEF300033FD2 /* MDUserObject.m in Sources */ = {isa = PBXBuildFile; fileRef = B0730F5C1BB7EEF300033FD2 /* MDUserObject.m */; };
		B0730F6E1BB7EEF300033FD2 /* MDUserObject.m in Sources */ = {isa = PBXBuildFile; fileRef = B0730F5C1BB7EEF300033FD2 /* MDUserObject.m */; };
		B0730F6F1BB818C000033FD2 /* MDDataIO.m in Sources */ = {isa = PBXBuildFile; fileRef = B001C09F1BB2E5F200421F81 /* MDDataIO.m */; };
		B0788F931BB3466A0021FC89 /* MDMiniDoUtils.m in Sources */ = {isa = PBXBuildFile; fileRef = B0788F921BB3466A0021FC89 /* MDMiniDoUtils.m */; };
		B0788F941BB3466A0021FC89 /* MDMiniDoUtils.m in Sources */ = {isa = PBXBuildFile; fileRef = B0788F921BB3466A0021FC89 /* MDMiniDoUtils.m */; };
		B0788F951BB3466A0021FC89 /* MDMiniDoUtils.m in Sources */ = {isa = PBXBuildFile; fileRef = B0788F921BB3466A0021FC89 /* MDMiniDoUtils.m */; };
		B0788F9A1BB34BE40021FC89 /* MDPopButton.m in Sources */ = {isa = PBXBuildFile; fileRef = B0788F991BB34BE40021FC89 /* MDPopButton.m */; };
		B0788F9B1BB34BE40021FC89 /* MDPopButton.m in Sources */ = {isa = PBXBuildFile; fileRef = B0788F991BB34BE40021FC89 /* MDPopButton.m */; };
		B0788F9C1BB34BE40021FC89 /* MDPopButton.m in Sources */ = {isa = PBXBuildFile; fileRef = B0788F991BB34BE40021FC89 /* MDPopButton.m */; };
		B0788FA01BB354380021FC89 /* MDAppControl.m in Sources */ = {isa = PBXBuildFile; fileRef = B0788F9F1BB354380021FC89 /* MDAppControl.m */; };
		B0788FA11BB354380021FC89 /* MDAppControl.m in Sources */ = {isa = PBXBuildFile; fileRef = B0788F9F1BB354380021FC89 /* MDAppControl.m */; };
		B0788FA21BB354380021FC89 /* MDAppControl.m in Sources */ = {isa = PBXBuildFile; fileRef = B0788F9F1BB354380021FC89 /* MDAppControl.m */; };
		B0788FA51BB3594B0021FC89 /* MDBaseHeaderView.m in Sources */ = {isa = PBXBuildFile; fileRef = B0788FA41BB3594B0021FC89 /* MDBaseHeaderView.m */; };
		B0788FA61BB3594B0021FC89 /* MDBaseHeaderView.m in Sources */ = {isa = PBXBuildFile; fileRef = B0788FA41BB3594B0021FC89 /* MDBaseHeaderView.m */; };
		B0788FA71BB3594B0021FC89 /* MDBaseHeaderView.m in Sources */ = {isa = PBXBuildFile; fileRef = B0788FA41BB3594B0021FC89 /* MDBaseHeaderView.m */; };
		B0788FAC1BB367D40021FC89 /* MDUserManager.m in Sources */ = {isa = PBXBuildFile; fileRef = B0788FAB1BB367D40021FC89 /* MDUserManager.m */; };
		B0788FAD1BB367D40021FC89 /* MDUserManager.m in Sources */ = {isa = PBXBuildFile; fileRef = B0788FAB1BB367D40021FC89 /* MDUserManager.m */; };
		B0788FAE1BB367D40021FC89 /* MDUserManager.m in Sources */ = {isa = PBXBuildFile; fileRef = B0788FAB1BB367D40021FC89 /* MDUserManager.m */; };
		B0A5A8861BB86C9B00E9B479 /* MDDataCloudAPI.m in Sources */ = {isa = PBXBuildFile; fileRef = B0A5A8851BB86C9B00E9B479 /* MDDataCloudAPI.m */; };
		B0A5A8871BB86C9B00E9B479 /* MDDataCloudAPI.m in Sources */ = {isa = PBXBuildFile; fileRef = B0A5A8851BB86C9B00E9B479 /* MDDataCloudAPI.m */; };
		B0A5A8881BB86C9B00E9B479 /* MDDataCloudAPI.m in Sources */ = {isa = PBXBuildFile; fileRef = B0A5A8851BB86C9B00E9B479 /* MDDataCloudAPI.m */; };
		B0D162911BB8743900B8B96B /* MDDataCloudNetworkRequestManager.m in Sources */ = {isa = PBXBuildFile; fileRef = B0D162901BB8743900B8B96B /* MDDataCloudNetworkRequestManager.m */; settings = {ASSET_TAGS = (); }; };
		B0D162921BB8743E00B8B96B /* MDDataCloudNetworkRequestManager.m in Sources */ = {isa = PBXBuildFile; fileRef = B0D162901BB8743900B8B96B /* MDDataCloudNetworkRequestManager.m */; settings = {ASSET_TAGS = (); }; };
		B0D162931BB8743E00B8B96B /* MDDataCloudNetworkRequestManager.m in Sources */ = {isa = PBXBuildFile; fileRef = B0D162901BB8743900B8B96B /* MDDataCloudNetworkRequestManager.m */; settings = {ASSET_TAGS = (); }; };
		B0D162961BB878EA00B8B96B /* MDURLConnection.m in Sources */ = {isa = PBXBuildFile; fileRef = B0D162951BB878EA00B8B96B /* MDURLConnection.m */; settings = {ASSET_TAGS = (); }; };
		B0D162971BB878EA00B8B96B /* MDURLConnection.m in Sources */ = {isa = PBXBuildFile; fileRef = B0D162951BB878EA00B8B96B /* MDURLConnection.m */; settings = {ASSET_TAGS = (); }; };
		B0D162981BB878EA00B8B96B /* MDURLConnection.m in Sources */ = {isa = PBXBuildFile; fileRef = B0D162951BB878EA00B8B96B /* MDURLConnection.m */; settings = {ASSET_TAGS = (); }; };
/* End PBXBuildFile section */

/* Begin PBXContainerItemProxy section */
		B001C07F1BB2D7F300421F81 /* PBXContainerItemProxy */ = {
			isa = PBXContainerItemProxy;
			containerPortal = B001C05A1BB2D7F200421F81 /* Project object */;
			proxyType = 1;
			remoteGlobalIDString = B001C0611BB2D7F300421F81;
			remoteInfo = MiniDo;
		};
		B001C08A1BB2D7F300421F81 /* PBXContainerItemProxy */ = {
			isa = PBXContainerItemProxy;
			containerPortal = B001C05A1BB2D7F200421F81 /* Project object */;
			proxyType = 1;
			remoteGlobalIDString = B001C0611BB2D7F300421F81;
			remoteInfo = MiniDo;
		};
/* End PBXContainerItemProxy section */

/* Begin PBXFileReference section */
		B001C0621BB2D7F300421F81 /* MiniDo.app */ = {isa = PBXFileReference; explicitFileType = wrapper.application; includeInIndex = 0; path = MiniDo.app; sourceTree = BUILT_PRODUCTS_DIR; };
		B001C0661BB2D7F300421F81 /* main.m */ = {isa = PBXFileReference; lastKnownFileType = sourcecode.c.objc; path = main.m; sourceTree = "<group>"; };
		B001C0681BB2D7F300421F81 /* AppDelegate.h */ = {isa = PBXFileReference; lastKnownFileType = sourcecode.c.h; path = AppDelegate.h; sourceTree = "<group>"; };
		B001C0691BB2D7F300421F81 /* AppDelegate.m */ = {isa = PBXFileReference; lastKnownFileType = sourcecode.c.objc; path = AppDelegate.m; sourceTree = "<group>"; };
		B001C0721BB2D7F300421F81 /* MiniDo.xcdatamodel */ = {isa = PBXFileReference; lastKnownFileType = wrapper.xcdatamodel; path = MiniDo.xcdatamodel; sourceTree = "<group>"; };
		B001C0741BB2D7F300421F81 /* Assets.xcassets */ = {isa = PBXFileReference; lastKnownFileType = folder.assetcatalog; path = Assets.xcassets; sourceTree = "<group>"; };
		B001C0771BB2D7F300421F81 /* Base */ = {isa = PBXFileReference; lastKnownFileType = file.storyboard; name = Base; path = Base.lproj/LaunchScreen.storyboard; sourceTree = "<group>"; };
		B001C0791BB2D7F300421F81 /* Info.plist */ = {isa = PBXFileReference; lastKnownFileType = text.plist.xml; path = Info.plist; sourceTree = "<group>"; };
		B001C07E1BB2D7F300421F81 /* MiniDoTests.xctest */ = {isa = PBXFileReference; explicitFileType = wrapper.cfbundle; includeInIndex = 0; path = MiniDoTests.xctest; sourceTree = BUILT_PRODUCTS_DIR; };
		B001C0821BB2D7F300421F81 /* MiniDoTests.m */ = {isa = PBXFileReference; lastKnownFileType = sourcecode.c.objc; path = MiniDoTests.m; sourceTree = "<group>"; };
		B001C0841BB2D7F300421F81 /* Info.plist */ = {isa = PBXFileReference; lastKnownFileType = text.plist.xml; path = Info.plist; sourceTree = "<group>"; };
		B001C0891BB2D7F300421F81 /* MiniDoUITests.xctest */ = {isa = PBXFileReference; explicitFileType = wrapper.cfbundle; includeInIndex = 0; path = MiniDoUITests.xctest; sourceTree = BUILT_PRODUCTS_DIR; };
		B001C08D1BB2D7F300421F81 /* MiniDoUITests.m */ = {isa = PBXFileReference; lastKnownFileType = sourcecode.c.objc; path = MiniDoUITests.m; sourceTree = "<group>"; };
		B001C08F1BB2D7F300421F81 /* Info.plist */ = {isa = PBXFileReference; lastKnownFileType = text.plist.xml; path = Info.plist; sourceTree = "<group>"; };
		B001C09E1BB2E5F200421F81 /* MDDataIO.h */ = {isa = PBXFileReference; fileEncoding = 4; lastKnownFileType = sourcecode.c.h; name = MDDataIO.h; path = DataIO/MDDataIO.h; sourceTree = "<group>"; };
		B001C09F1BB2E5F200421F81 /* MDDataIO.m */ = {isa = PBXFileReference; fileEncoding = 4; lastKnownFileType = sourcecode.c.objc; name = MDDataIO.m; path = DataIO/MDDataIO.m; sourceTree = "<group>"; };
		B001C0A31BB2E64000421F81 /* MDViewController.h */ = {isa = PBXFileReference; fileEncoding = 4; lastKnownFileType = sourcecode.c.h; name = MDViewController.h; path = UI/MDViewController.h; sourceTree = "<group>"; };
		B001C0A41BB2E64000421F81 /* MDViewController.m */ = {isa = PBXFileReference; fileEncoding = 4; lastKnownFileType = sourcecode.c.objc; name = MDViewController.m; path = UI/MDViewController.m; sourceTree = "<group>"; };
		B001C0A91BB2EBC500421F81 /* MDBaseViewController.h */ = {isa = PBXFileReference; fileEncoding = 4; lastKnownFileType = sourcecode.c.h; name = MDBaseViewController.h; path = UI/MDBaseViewController.h; sourceTree = "<group>"; };
		B001C0AA1BB2EBC500421F81 /* MDBaseViewController.m */ = {isa = PBXFileReference; fileEncoding = 4; lastKnownFileType = sourcecode.c.objc; name = MDBaseViewController.m; path = UI/MDBaseViewController.m; sourceTree = "<group>"; };
		B001C0AE1BB2ECB300421F81 /* MDMiniDoConstants.h */ = {isa = PBXFileReference; lastKnownFileType = sourcecode.c.h; path = MDMiniDoConstants.h; sourceTree = "<group>"; };
		B0268D201BB96BDD0008AC2E /* MDDataObject+CoreDataProperties.h */ = {isa = PBXFileReference; fileEncoding = 4; lastKnownFileType = sourcecode.c.h; name = "MDDataObject+CoreDataProperties.h"; path = "DataIO/DataModels/MDDataObject+CoreDataProperties.h"; sourceTree = "<group>"; };
		B0268D211BB96BDD0008AC2E /* MDDataObject+CoreDataProperties.m */ = {isa = PBXFileReference; fileEncoding = 4; lastKnownFileType = sourcecode.c.objc; name = "MDDataObject+CoreDataProperties.m"; path = "DataIO/DataModels/MDDataObject+CoreDataProperties.m"; sourceTree = "<group>"; };
		B0268D221BB96BDD0008AC2E /* MDDataObject.h */ = {isa = PBXFileReference; fileEncoding = 4; lastKnownFileType = sourcecode.c.h; name = MDDataObject.h; path = DataIO/DataModels/MDDataObject.h; sourceTree = "<group>"; };
		B0268D231BB96BDD0008AC2E /* MDDataObject.m */ = {isa = PBXFileReference; fileEncoding = 4; lastKnownFileType = sourcecode.c.objc; name = MDDataObject.m; path = DataIO/DataModels/MDDataObject.m; sourceTree = "<group>"; };
		B03680D01BB468FB00A8DA96 /* MDToDoListTableViewCell.h */ = {isa = PBXFileReference; fileEncoding = 4; lastKnownFileType = sourcecode.c.h; name = MDToDoListTableViewCell.h; path = UI/MDToDoListTableViewCell.h; sourceTree = "<group>"; };
		B03680D11BB468FB00A8DA96 /* MDToDoListTableViewCell.m */ = {isa = PBXFileReference; fileEncoding = 4; lastKnownFileType = sourcecode.c.objc; name = MDToDoListTableViewCell.m; path = UI/MDToDoListTableViewCell.m; sourceTree = "<group>"; };
		B03680D51BB4691700A8DA96 /* MDToDoItemView.h */ = {isa = PBXFileReference; fileEncoding = 4; lastKnownFileType = sourcecode.c.h; name = MDToDoItemView.h; path = UI/MDToDoItemView.h; sourceTree = "<group>"; };
		B03680D61BB4691700A8DA96 /* MDToDoItemView.m */ = {isa = PBXFileReference; fileEncoding = 4; lastKnownFileType = sourcecode.c.objc; name = MDToDoItemView.m; path = UI/MDToDoItemView.m; sourceTree = "<group>"; };
		B03680DF1BB46A5D00A8DA96 /* MDToDoListViewController.h */ = {isa = PBXFileReference; fileEncoding = 4; lastKnownFileType = sourcecode.c.h; name = MDToDoListViewController.h; path = UI/MDToDoListViewController.h; sourceTree = "<group>"; };
		B03680E01BB46A5D00A8DA96 /* MDToDoListViewController.m */ = {isa = PBXFileReference; fileEncoding = 4; lastKnownFileType = sourcecode.c.objc; name = MDToDoListViewController.m; path = UI/MDToDoListViewController.m; sourceTree = "<group>"; };
		B03680E51BB4926D00A8DA96 /* Background.jpg */ = {isa = PBXFileReference; lastKnownFileType = image.jpeg; name = Background.jpg; path = Resources/Images/Background.jpg; sourceTree = "<group>"; };
		B03680E81BB4958900A8DA96 /* Dosis-Book.ttf */ = {isa = PBXFileReference; lastKnownFileType = file; name = "Dosis-Book.ttf"; path = "Resources/Fonts/Dosis-Book.ttf"; sourceTree = "<group>"; };
		B03680E91BB4958900A8DA96 /* Dosis-ExtraLight.ttf */ = {isa = PBXFileReference; lastKnownFileType = file; name = "Dosis-ExtraLight.ttf"; path = "Resources/Fonts/Dosis-ExtraLight.ttf"; sourceTree = "<group>"; };
		B03680EA1BB4958900A8DA96 /* Dosis-Medium.ttf */ = {isa = PBXFileReference; lastKnownFileType = file; name = "Dosis-Medium.ttf"; path = "Resources/Fonts/Dosis-Medium.ttf"; sourceTree = "<group>"; };
		B06951251BB7226600D2577E /* MDBaseAddBtn.h */ = {isa = PBXFileReference; fileEncoding = 4; lastKnownFileType = sourcecode.c.h; name = MDBaseAddBtn.h; path = UI/MDBaseAddBtn.h; sourceTree = "<group>"; };
		B06951261BB7226600D2577E /* MDBaseAddBtn.m */ = {isa = PBXFileReference; fileEncoding = 4; lastKnownFileType = sourcecode.c.objc; name = MDBaseAddBtn.m; path = UI/MDBaseAddBtn.m; sourceTree = "<group>"; };
		B0730F551BB7EEF300033FD2 /* MDToDoObject+CoreDataProperties.h */ = {isa = PBXFileReference; fileEncoding = 4; lastKnownFileType = sourcecode.c.h; name = "MDToDoObject+CoreDataProperties.h"; path = "DataIO/DataModels/MDToDoObject+CoreDataProperties.h"; sourceTree = "<group>"; };
		B0730F561BB7EEF300033FD2 /* MDToDoObject+CoreDataProperties.m */ = {isa = PBXFileReference; fileEncoding = 4; lastKnownFileType = sourcecode.c.objc; name = "MDToDoObject+CoreDataProperties.m"; path = "DataIO/DataModels/MDToDoObject+CoreDataProperties.m"; sourceTree = "<group>"; };
		B0730F571BB7EEF300033FD2 /* MDToDoObject.h */ = {isa = PBXFileReference; fileEncoding = 4; lastKnownFileType = sourcecode.c.h; name = MDToDoObject.h; path = DataIO/DataModels/MDToDoObject.h; sourceTree = "<group>"; };
		B0730F581BB7EEF300033FD2 /* MDToDoObject.m */ = {isa = PBXFileReference; fileEncoding = 4; lastKnownFileType = sourcecode.c.objc; name = MDToDoObject.m; path = DataIO/DataModels/MDToDoObject.m; sourceTree = "<group>"; };
		B0730F591BB7EEF300033FD2 /* MDUserObject+CoreDataProperties.h */ = {isa = PBXFileReference; fileEncoding = 4; lastKnownFileType = sourcecode.c.h; name = "MDUserObject+CoreDataProperties.h"; path = "DataIO/DataModels/MDUserObject+CoreDataProperties.h"; sourceTree = "<group>"; };
		B0730F5A1BB7EEF300033FD2 /* MDUserObject+CoreDataProperties.m */ = {isa = PBXFileReference; fileEncoding = 4; lastKnownFileType = sourcecode.c.objc; name = "MDUserObject+CoreDataProperties.m"; path = "DataIO/DataModels/MDUserObject+CoreDataProperties.m"; sourceTree = "<group>"; };
		B0730F5B1BB7EEF300033FD2 /* MDUserObject.h */ = {isa = PBXFileReference; fileEncoding = 4; lastKnownFileType = sourcecode.c.h; name = MDUserObject.h; path = DataIO/DataModels/MDUserObject.h; sourceTree = "<group>"; };
		B0730F5C1BB7EEF300033FD2 /* MDUserObject.m */ = {isa = PBXFileReference; fileEncoding = 4; lastKnownFileType = sourcecode.c.objc; name = MDUserObject.m; path = DataIO/DataModels/MDUserObject.m; sourceTree = "<group>"; };
		B0788F911BB335CD0021FC89 /* Licenses */ = {isa = PBXFileReference; lastKnownFileType = text; path = Licenses; sourceTree = "<group>"; };
		B0788F921BB3466A0021FC89 /* MDMiniDoUtils.m */ = {isa = PBXFileReference; fileEncoding = 4; lastKnownFileType = sourcecode.c.objc; path = MDMiniDoUtils.m; sourceTree = "<group>"; };
		B0788F961BB347AF0021FC89 /* MDMiniDoUtils.h */ = {isa = PBXFileReference; lastKnownFileType = sourcecode.c.h; path = MDMiniDoUtils.h; sourceTree = "<group>"; };
		B0788F981BB34BE40021FC89 /* MDPopButton.h */ = {isa = PBXFileReference; fileEncoding = 4; lastKnownFileType = sourcecode.c.h; name = MDPopButton.h; path = UI/MDPopButton.h; sourceTree = "<group>"; };
		B0788F991BB34BE40021FC89 /* MDPopButton.m */ = {isa = PBXFileReference; fileEncoding = 4; lastKnownFileType = sourcecode.c.objc; name = MDPopButton.m; path = UI/MDPopButton.m; sourceTree = "<group>"; };
		B0788F9E1BB354380021FC89 /* MDAppControl.h */ = {isa = PBXFileReference; fileEncoding = 4; lastKnownFileType = sourcecode.c.h; name = MDAppControl.h; path = Managers/MDAppControl.h; sourceTree = "<group>"; };
		B0788F9F1BB354380021FC89 /* MDAppControl.m */ = {isa = PBXFileReference; fileEncoding = 4; lastKnownFileType = sourcecode.c.objc; name = MDAppControl.m; path = Managers/MDAppControl.m; sourceTree = "<group>"; };
		B0788FA31BB3594B0021FC89 /* MDBaseHeaderView.h */ = {isa = PBXFileReference; fileEncoding = 4; lastKnownFileType = sourcecode.c.h; name = MDBaseHeaderView.h; path = UI/MDBaseHeaderView.h; sourceTree = "<group>"; };
		B0788FA41BB3594B0021FC89 /* MDBaseHeaderView.m */ = {isa = PBXFileReference; fileEncoding = 4; lastKnownFileType = sourcecode.c.objc; name = MDBaseHeaderView.m; path = UI/MDBaseHeaderView.m; sourceTree = "<group>"; };
		B0788FAA1BB367D40021FC89 /* MDUserManager.h */ = {isa = PBXFileReference; fileEncoding = 4; lastKnownFileType = sourcecode.c.h; name = MDUserManager.h; path = Managers/MDUserManager.h; sourceTree = "<group>"; };
		B0788FAB1BB367D40021FC89 /* MDUserManager.m */ = {isa = PBXFileReference; fileEncoding = 4; lastKnownFileType = sourcecode.c.objc; name = MDUserManager.m; path = Managers/MDUserManager.m; sourceTree = "<group>"; };
		B0A5A8841BB86C9B00E9B479 /* MDDataCloudAPI.h */ = {isa = PBXFileReference; fileEncoding = 4; lastKnownFileType = sourcecode.c.h; name = MDDataCloudAPI.h; path = DataIO/MDDataCloudAPI.h; sourceTree = "<group>"; };
		B0A5A8851BB86C9B00E9B479 /* MDDataCloudAPI.m */ = {isa = PBXFileReference; fileEncoding = 4; lastKnownFileType = sourcecode.c.objc; name = MDDataCloudAPI.m; path = DataIO/MDDataCloudAPI.m; sourceTree = "<group>"; };
		B0D1628F1BB8743900B8B96B /* MDDataCloudNetworkRequestManager.h */ = {isa = PBXFileReference; fileEncoding = 4; lastKnownFileType = sourcecode.c.h; name = MDDataCloudNetworkRequestManager.h; path = DataIO/MDDataCloudNetworkRequestManager.h; sourceTree = "<group>"; };
		B0D162901BB8743900B8B96B /* MDDataCloudNetworkRequestManager.m */ = {isa = PBXFileReference; fileEncoding = 4; lastKnownFileType = sourcecode.c.objc; name = MDDataCloudNetworkRequestManager.m; path = DataIO/MDDataCloudNetworkRequestManager.m; sourceTree = "<group>"; };
		B0D162941BB878EA00B8B96B /* MDURLConnection.h */ = {isa = PBXFileReference; fileEncoding = 4; lastKnownFileType = sourcecode.c.h; name = MDURLConnection.h; path = DataIO/MDURLConnection.h; sourceTree = "<group>"; };
		B0D162951BB878EA00B8B96B /* MDURLConnection.m */ = {isa = PBXFileReference; fileEncoding = 4; lastKnownFileType = sourcecode.c.objc; name = MDURLConnection.m; path = DataIO/MDURLConnection.m; sourceTree = "<group>"; };
/* End PBXFileReference section */

/* Begin PBXFrameworksBuildPhase section */
		B001C05F1BB2D7F300421F81 /* Frameworks */ = {
			isa = PBXFrameworksBuildPhase;
			buildActionMask = 2147483647;
			files = (
			);
			runOnlyForDeploymentPostprocessing = 0;
		};
		B001C07B1BB2D7F300421F81 /* Frameworks */ = {
			isa = PBXFrameworksBuildPhase;
			buildActionMask = 2147483647;
			files = (
			);
			runOnlyForDeploymentPostprocessing = 0;
		};
		B001C0861BB2D7F300421F81 /* Frameworks */ = {
			isa = PBXFrameworksBuildPhase;
			buildActionMask = 2147483647;
			files = (
			);
			runOnlyForDeploymentPostprocessing = 0;
		};
/* End PBXFrameworksBuildPhase section */

/* Begin PBXGroup section */
		B001C0591BB2D7F200421F81 = {
			isa = PBXGroup;
			children = (
				B0788F911BB335CD0021FC89 /* Licenses */,
				B001C0641BB2D7F300421F81 /* MiniDo */,
				B001C0811BB2D7F300421F81 /* MiniDoTests */,
				B001C08C1BB2D7F300421F81 /* MiniDoUITests */,
				B001C0631BB2D7F300421F81 /* Products */,
			);
			sourceTree = "<group>";
		};
		B001C0631BB2D7F300421F81 /* Products */ = {
			isa = PBXGroup;
			children = (
				B001C0621BB2D7F300421F81 /* MiniDo.app */,
				B001C07E1BB2D7F300421F81 /* MiniDoTests.xctest */,
				B001C0891BB2D7F300421F81 /* MiniDoUITests.xctest */,
			);
			name = Products;
			sourceTree = "<group>";
		};
		B001C0641BB2D7F300421F81 /* MiniDo */ = {
			isa = PBXGroup;
			children = (
				B001C0681BB2D7F300421F81 /* AppDelegate.h */,
				B001C0691BB2D7F300421F81 /* AppDelegate.m */,
				B001C0791BB2D7F300421F81 /* Info.plist */,
				B001C0741BB2D7F300421F81 /* Assets.xcassets */,
				B001C09D1BB2D83200421F81 /* Managers */,
				B001C09C1BB2D82D00421F81 /* UI */,
				B001C09B1BB2D81C00421F81 /* DataIO */,
				B0788F971BB348000021FC89 /* Utils&Constants */,
				B0788F891BB335690021FC89 /* Resources */,
				B001C0651BB2D7F300421F81 /* Supporting Files */,
			);
			path = MiniDo;
			sourceTree = "<group>";
		};
		B001C0651BB2D7F300421F81 /* Supporting Files */ = {
			isa = PBXGroup;
			children = (
				B001C0761BB2D7F300421F81 /* LaunchScreen.storyboard */,
				B001C0661BB2D7F300421F81 /* main.m */,
			);
			name = "Supporting Files";
			sourceTree = "<group>";
		};
		B001C0811BB2D7F300421F81 /* MiniDoTests */ = {
			isa = PBXGroup;
			children = (
				B001C0821BB2D7F300421F81 /* MiniDoTests.m */,
				B001C0841BB2D7F300421F81 /* Info.plist */,
			);
			path = MiniDoTests;
			sourceTree = "<group>";
		};
		B001C08C1BB2D7F300421F81 /* MiniDoUITests */ = {
			isa = PBXGroup;
			children = (
				B001C08D1BB2D7F300421F81 /* MiniDoUITests.m */,
				B001C08F1BB2D7F300421F81 /* Info.plist */,
			);
			path = MiniDoUITests;
			sourceTree = "<group>";
		};
		B001C09B1BB2D81C00421F81 /* DataIO */ = {
			isa = PBXGroup;
			children = (
				B001C0711BB2D7F300421F81 /* MiniDo.xcdatamodeld */,
				B001C09E1BB2E5F200421F81 /* MDDataIO.h */,
				B001C09F1BB2E5F200421F81 /* MDDataIO.m */,
				B0A5A8841BB86C9B00E9B479 /* MDDataCloudAPI.h */,
				B0A5A8851BB86C9B00E9B479 /* MDDataCloudAPI.m */,
				B0D1628F1BB8743900B8B96B /* MDDataCloudNetworkRequestManager.h */,
				B0D162901BB8743900B8B96B /* MDDataCloudNetworkRequestManager.m */,
				B0D162941BB878EA00B8B96B /* MDURLConnection.h */,
				B0D162951BB878EA00B8B96B /* MDURLConnection.m */,
				B0788F701BB2F9150021FC89 /* Models */,
			);
			name = DataIO;
			sourceTree = "<group>";
		};
		B001C09C1BB2D82D00421F81 /* UI */ = {
			isa = PBXGroup;
			children = (
				B0788FA81BB364B50021FC89 /* ToDo List */,
				B001C0A81BB2EB9B00421F81 /* Base */,
				B0788F9D1BB34BF50021FC89 /* Custom */,
				B001C0A21BB2E61200421F81 /* UIKit Subclasses */,
			);
			name = UI;
			sourceTree = "<group>";
		};
		B001C09D1BB2D83200421F81 /* Managers */ = {
			isa = PBXGroup;
			children = (
				B0788F9E1BB354380021FC89 /* MDAppControl.h */,
				B0788F9F1BB354380021FC89 /* MDAppControl.m */,
				B0788FAA1BB367D40021FC89 /* MDUserManager.h */,
				B0788FAB1BB367D40021FC89 /* MDUserManager.m */,
			);
			name = Managers;
			sourceTree = "<group>";
		};
		B001C0A21BB2E61200421F81 /* UIKit Subclasses */ = {
			isa = PBXGroup;
			children = (
				B001C0A31BB2E64000421F81 /* MDViewController.h */,
				B001C0A41BB2E64000421F81 /* MDViewController.m */,
			);
			name = "UIKit Subclasses";
			sourceTree = "<group>";
		};
		B001C0A81BB2EB9B00421F81 /* Base */ = {
			isa = PBXGroup;
			children = (
				B001C0A91BB2EBC500421F81 /* MDBaseViewController.h */,
				B001C0AA1BB2EBC500421F81 /* MDBaseViewController.m */,
				B0788FA31BB3594B0021FC89 /* MDBaseHeaderView.h */,
				B0788FA41BB3594B0021FC89 /* MDBaseHeaderView.m */,
				B06951251BB7226600D2577E /* MDBaseAddBtn.h */,
				B06951261BB7226600D2577E /* MDBaseAddBtn.m */,
			);
			name = Base;
			sourceTree = "<group>";
		};
		B03680E41BB48D9000A8DA96 /* Images */ = {
			isa = PBXGroup;
			children = (
				B03680E51BB4926D00A8DA96 /* Background.jpg */,
			);
			name = Images;
			sourceTree = "<group>";
		};
		B0788F701BB2F9150021FC89 /* Models */ = {
			isa = PBXGroup;
			children = (
				B0268D201BB96BDD0008AC2E /* MDDataObject+CoreDataProperties.h */,
				B0268D211BB96BDD0008AC2E /* MDDataObject+CoreDataProperties.m */,
				B0268D221BB96BDD0008AC2E /* MDDataObject.h */,
				B0268D231BB96BDD0008AC2E /* MDDataObject.m */,
				B0730F551BB7EEF300033FD2 /* MDToDoObject+CoreDataProperties.h */,
				B0730F561BB7EEF300033FD2 /* MDToDoObject+CoreDataProperties.m */,
				B0730F571BB7EEF300033FD2 /* MDToDoObject.h */,
				B0730F581BB7EEF300033FD2 /* MDToDoObject.m */,
				B0730F591BB7EEF300033FD2 /* MDUserObject+CoreDataProperties.h */,
				B0730F5A1BB7EEF300033FD2 /* MDUserObject+CoreDataProperties.m */,
				B0730F5B1BB7EEF300033FD2 /* MDUserObject.h */,
				B0730F5C1BB7EEF300033FD2 /* MDUserObject.m */,
			);
			name = Models;
			sourceTree = "<group>";
		};
		B0788F891BB335690021FC89 /* Resources */ = {
			isa = PBXGroup;
			children = (
				B03680E41BB48D9000A8DA96 /* Images */,
				B0788F8A1BB335740021FC89 /* Fonts */,
			);
			name = Resources;
			sourceTree = "<group>";
		};
		B0788F8A1BB335740021FC89 /* Fonts */ = {
			isa = PBXGroup;
			children = (
				B03680E81BB4958900A8DA96 /* Dosis-Book.ttf */,
				B03680E91BB4958900A8DA96 /* Dosis-ExtraLight.ttf */,
				B03680EA1BB4958900A8DA96 /* Dosis-Medium.ttf */,
			);
			name = Fonts;
			sourceTree = "<group>";
		};
		B0788F971BB348000021FC89 /* Utils&Constants */ = {
			isa = PBXGroup;
			children = (
				B001C0AE1BB2ECB300421F81 /* MDMiniDoConstants.h */,
				B0788F961BB347AF0021FC89 /* MDMiniDoUtils.h */,
				B0788F921BB3466A0021FC89 /* MDMiniDoUtils.m */,
			);
			name = "Utils&Constants";
			sourceTree = "<group>";
		};
		B0788F9D1BB34BF50021FC89 /* Custom */ = {
			isa = PBXGroup;
			children = (
				B0788F981BB34BE40021FC89 /* MDPopButton.h */,
				B0788F991BB34BE40021FC89 /* MDPopButton.m */,
			);
			name = Custom;
			sourceTree = "<group>";
		};
		B0788FA81BB364B50021FC89 /* ToDo List */ = {
			isa = PBXGroup;
			children = (
				B03680DF1BB46A5D00A8DA96 /* MDToDoListViewController.h */,
				B03680E01BB46A5D00A8DA96 /* MDToDoListViewController.m */,
				B03680D01BB468FB00A8DA96 /* MDToDoListTableViewCell.h */,
				B03680D11BB468FB00A8DA96 /* MDToDoListTableViewCell.m */,
				B03680D51BB4691700A8DA96 /* MDToDoItemView.h */,
				B03680D61BB4691700A8DA96 /* MDToDoItemView.m */,
			);
			name = "ToDo List";
			sourceTree = "<group>";
		};
/* End PBXGroup section */

/* Begin PBXNativeTarget section */
		B001C0611BB2D7F300421F81 /* MiniDo */ = {
			isa = PBXNativeTarget;
			buildConfigurationList = B001C0921BB2D7F300421F81 /* Build configuration list for PBXNativeTarget "MiniDo" */;
			buildPhases = (
				B001C05E1BB2D7F300421F81 /* Sources */,
				B001C05F1BB2D7F300421F81 /* Frameworks */,
				B001C0601BB2D7F300421F81 /* Resources */,
			);
			buildRules = (
			);
			dependencies = (
			);
			name = MiniDo;
			productName = MiniDo;
			productReference = B001C0621BB2D7F300421F81 /* MiniDo.app */;
			productType = "com.apple.product-type.application";
		};
		B001C07D1BB2D7F300421F81 /* MiniDoTests */ = {
			isa = PBXNativeTarget;
			buildConfigurationList = B001C0951BB2D7F300421F81 /* Build configuration list for PBXNativeTarget "MiniDoTests" */;
			buildPhases = (
				B001C07A1BB2D7F300421F81 /* Sources */,
				B001C07B1BB2D7F300421F81 /* Frameworks */,
				B001C07C1BB2D7F300421F81 /* Resources */,
			);
			buildRules = (
			);
			dependencies = (
				B001C0801BB2D7F300421F81 /* PBXTargetDependency */,
			);
			name = MiniDoTests;
			productName = MiniDoTests;
			productReference = B001C07E1BB2D7F300421F81 /* MiniDoTests.xctest */;
			productType = "com.apple.product-type.bundle.unit-test";
		};
		B001C0881BB2D7F300421F81 /* MiniDoUITests */ = {
			isa = PBXNativeTarget;
			buildConfigurationList = B001C0981BB2D7F300421F81 /* Build configuration list for PBXNativeTarget "MiniDoUITests" */;
			buildPhases = (
				B001C0851BB2D7F300421F81 /* Sources */,
				B001C0861BB2D7F300421F81 /* Frameworks */,
				B001C0871BB2D7F300421F81 /* Resources */,
			);
			buildRules = (
			);
			dependencies = (
				B001C08B1BB2D7F300421F81 /* PBXTargetDependency */,
			);
			name = MiniDoUITests;
			productName = MiniDoUITests;
			productReference = B001C0891BB2D7F300421F81 /* MiniDoUITests.xctest */;
			productType = "com.apple.product-type.bundle.ui-testing";
		};
/* End PBXNativeTarget section */

/* Begin PBXProject section */
		B001C05A1BB2D7F200421F81 /* Project object */ = {
			isa = PBXProject;
			attributes = {
				LastUpgradeCheck = 0700;
				ORGANIZATIONNAME = "Taehun Kim";
				TargetAttributes = {
					B001C0611BB2D7F300421F81 = {
						CreatedOnToolsVersion = 7.0;
					};
					B001C07D1BB2D7F300421F81 = {
						CreatedOnToolsVersion = 7.0;
						TestTargetID = B001C0611BB2D7F300421F81;
					};
					B001C0881BB2D7F300421F81 = {
						CreatedOnToolsVersion = 7.0;
						TestTargetID = B001C0611BB2D7F300421F81;
					};
				};
			};
			buildConfigurationList = B001C05D1BB2D7F200421F81 /* Build configuration list for PBXProject "MiniDo" */;
			compatibilityVersion = "Xcode 3.2";
			developmentRegion = English;
			hasScannedForEncodings = 0;
			knownRegions = (
				en,
				Base,
			);
			mainGroup = B001C0591BB2D7F200421F81;
			productRefGroup = B001C0631BB2D7F300421F81 /* Products */;
			projectDirPath = "";
			projectRoot = "";
			targets = (
				B001C0611BB2D7F300421F81 /* MiniDo */,
				B001C07D1BB2D7F300421F81 /* MiniDoTests */,
				B001C0881BB2D7F300421F81 /* MiniDoUITests */,
			);
		};
/* End PBXProject section */

/* Begin PBXResourcesBuildPhase section */
		B001C0601BB2D7F300421F81 /* Resources */ = {
			isa = PBXResourcesBuildPhase;
			buildActionMask = 2147483647;
			files = (
				B03680ED1BB4958900A8DA96 /* Dosis-ExtraLight.ttf in Resources */,
				B03680EB1BB4958900A8DA96 /* Dosis-Book.ttf in Resources */,
				B03680EF1BB4958900A8DA96 /* Dosis-Medium.ttf in Resources */,
				B001C0781BB2D7F300421F81 /* LaunchScreen.storyboard in Resources */,
				B03680E61BB4926D00A8DA96 /* Background.jpg in Resources */,
				B001C0751BB2D7F300421F81 /* Assets.xcassets in Resources */,
			);
			runOnlyForDeploymentPostprocessing = 0;
		};
		B001C07C1BB2D7F300421F81 /* Resources */ = {
			isa = PBXResourcesBuildPhase;
			buildActionMask = 2147483647;
			files = (
			);
			runOnlyForDeploymentPostprocessing = 0;
		};
		B001C0871BB2D7F300421F81 /* Resources */ = {
			isa = PBXResourcesBuildPhase;
			buildActionMask = 2147483647;
			files = (
				B03680F01BB4958900A8DA96 /* Dosis-Medium.ttf in Resources */,
				B03680EC1BB4958900A8DA96 /* Dosis-Book.ttf in Resources */,
				B03680E71BB4927200A8DA96 /* Background.jpg in Resources */,
				B03680EE1BB4958900A8DA96 /* Dosis-ExtraLight.ttf in Resources */,
			);
			runOnlyForDeploymentPostprocessing = 0;
		};
/* End PBXResourcesBuildPhase section */

/* Begin PBXSourcesBuildPhase section */
		B001C05E1BB2D7F300421F81 /* Sources */ = {
			isa = PBXSourcesBuildPhase;
			buildActionMask = 2147483647;
			files = (
				B0730F6C1BB7EEF300033FD2 /* MDUserObject.m in Sources */,
				B001C0A51BB2E64000421F81 /* MDViewController.m in Sources */,
				B001C0A01BB2E5F200421F81 /* MDDataIO.m in Sources */,
				B06951271BB7226600D2577E /* MDBaseAddBtn.m in Sources */,
				B001C06A1BB2D7F300421F81 /* AppDelegate.m in Sources */,
				B0788FAC1BB367D40021FC89 /* MDUserManager.m in Sources */,
				B0730F631BB7EEF300033FD2 /* MDToDoObject+CoreDataProperties.m in Sources */,
				B0268D241BB96BDD0008AC2E /* MDDataObject+CoreDataProperties.m in Sources */,
				B03680D21BB468FB00A8DA96 /* MDToDoListTableViewCell.m in Sources */,
				B0788F9A1BB34BE40021FC89 /* MDPopButton.m in Sources */,
				B0788FA01BB354380021FC89 /* MDAppControl.m in Sources */,
				B0268D271BB96BDD0008AC2E /* MDDataObject.m in Sources */,
				B0788F931BB3466A0021FC89 /* MDMiniDoUtils.m in Sources */,
				B03680E11BB46A5D00A8DA96 /* MDToDoListViewController.m in Sources */,
				B001C0671BB2D7F300421F81 /* main.m in Sources */,
				B0730F691BB7EEF300033FD2 /* MDUserObject+CoreDataProperties.m in Sources */,
				B0D162961BB878EA00B8B96B /* MDURLConnection.m in Sources */,
				B001C0AB1BB2EBC500421F81 /* MDBaseViewController.m in Sources */,
				B001C0731BB2D7F300421F81 /* MiniDo.xcdatamodeld in Sources */,
				B03680D71BB4691700A8DA96 /* MDToDoItemView.m in Sources */,
				B0788FA51BB3594B0021FC89 /* MDBaseHeaderView.m in Sources */,
				B0730F661BB7EEF300033FD2 /* MDToDoObject.m in Sources */,
				B0D162911BB8743900B8B96B /* MDDataCloudNetworkRequestManager.m in Sources */,
				B0A5A8861BB86C9B00E9B479 /* MDDataCloudAPI.m in Sources */,
			);
			runOnlyForDeploymentPostprocessing = 0;
		};
		B001C07A1BB2D7F300421F81 /* Sources */ = {
			isa = PBXSourcesBuildPhase;
			buildActionMask = 2147483647;
			files = (
				B001C0AC1BB2EBC500421F81 /* MDBaseViewController.m in Sources */,
				B0788FA61BB3594B0021FC89 /* MDBaseHeaderView.m in Sources */,
				B001C0A11BB2E5F200421F81 /* MDDataIO.m in Sources */,
				B0D162971BB878EA00B8B96B /* MDURLConnection.m in Sources */,
				B03680E21BB46A5D00A8DA96 /* MDToDoListViewController.m in Sources */,
				B0788F9B1BB34BE40021FC89 /* MDPopButton.m in Sources */,
				B03680D81BB4691700A8DA96 /* MDToDoItemView.m in Sources */,
				B0788FAD1BB367D40021FC89 /* MDUserManager.m in Sources */,
				B0268D251BB96BDD0008AC2E /* MDDataObject+CoreDataProperties.m in Sources */,
				B001C0A61BB2E64000421F81 /* MDViewController.m in Sources */,
				B03680D31BB468FB00A8DA96 /* MDToDoListTableViewCell.m in Sources */,
				B0A5A8871BB86C9B00E9B479 /* MDDataCloudAPI.m in Sources */,
				B06951281BB7226600D2577E /* MDBaseAddBtn.m in Sources */,
				B0D162921BB8743E00B8B96B /* MDDataCloudNetworkRequestManager.m in Sources */,
				B0788FA11BB354380021FC89 /* MDAppControl.m in Sources */,
				B0730F671BB7EEF300033FD2 /* MDToDoObject.m in Sources */,
				B001C0831BB2D7F300421F81 /* MiniDoTests.m in Sources */,
				B0730F6D1BB7EEF300033FD2 /* MDUserObject.m in Sources */,
				B0788F941BB3466A0021FC89 /* MDMiniDoUtils.m in Sources */,
				B0730F6A1BB7EEF300033FD2 /* MDUserObject+CoreDataProperties.m in Sources */,
				B0730F641BB7EEF300033FD2 /* MDToDoObject+CoreDataProperties.m in Sources */,
				B0268D281BB96BDD0008AC2E /* MDDataObject.m in Sources */,
			);
			runOnlyForDeploymentPostprocessing = 0;
		};
		B001C0851BB2D7F300421F81 /* Sources */ = {
			isa = PBXSourcesBuildPhase;
			buildActionMask = 2147483647;
			files = (
				B0788F951BB3466A0021FC89 /* MDMiniDoUtils.m in Sources */,
				B03680D41BB468FB00A8DA96 /* MDToDoListTableViewCell.m in Sources */,
				B06951291BB7226600D2577E /* MDBaseAddBtn.m in Sources */,
				B0D162981BB878EA00B8B96B /* MDURLConnection.m in Sources */,
				B001C08E1BB2D7F300421F81 /* MiniDoUITests.m in Sources */,
				B03680E31BB46A5D00A8DA96 /* MDToDoListViewController.m in Sources */,
				B0730F6E1BB7EEF300033FD2 /* MDUserObject.m in Sources */,
				B001C0AD1BB2EBC500421F81 /* MDBaseViewController.m in Sources */,
				B0268D261BB96BDD0008AC2E /* MDDataObject+CoreDataProperties.m in Sources */,
				B0730F681BB7EEF300033FD2 /* MDToDoObject.m in Sources */,
				B0788FA71BB3594B0021FC89 /* MDBaseHeaderView.m in Sources */,
				B0788F9C1BB34BE40021FC89 /* MDPopButton.m in Sources */,
				B0A5A8881BB86C9B00E9B479 /* MDDataCloudAPI.m in Sources */,
				B0730F6B1BB7EEF300033FD2 /* MDUserObject+CoreDataProperties.m in Sources */,
				B0D162931BB8743E00B8B96B /* MDDataCloudNetworkRequestManager.m in Sources */,
				B0788FAE1BB367D40021FC89 /* MDUserManager.m in Sources */,
				B03680D91BB4691700A8DA96 /* MDToDoItemView.m in Sources */,
				B0788FA21BB354380021FC89 /* MDAppControl.m in Sources */,
				B0730F6F1BB818C000033FD2 /* MDDataIO.m in Sources */,
				B001C0A71BB2E64000421F81 /* MDViewController.m in Sources */,
				B0730F651BB7EEF300033FD2 /* MDToDoObject+CoreDataProperties.m in Sources */,
				B0268D291BB96BDD0008AC2E /* MDDataObject.m in Sources */,
			);
			runOnlyForDeploymentPostprocessing = 0;
		};
/* End PBXSourcesBuildPhase section */

/* Begin PBXTargetDependency section */
		B001C0801BB2D7F300421F81 /* PBXTargetDependency */ = {
			isa = PBXTargetDependency;
			target = B001C0611BB2D7F300421F81 /* MiniDo */;
			targetProxy = B001C07F1BB2D7F300421F81 /* PBXContainerItemProxy */;
		};
		B001C08B1BB2D7F300421F81 /* PBXTargetDependency */ = {
			isa = PBXTargetDependency;
			target = B001C0611BB2D7F300421F81 /* MiniDo */;
			targetProxy = B001C08A1BB2D7F300421F81 /* PBXContainerItemProxy */;
		};
/* End PBXTargetDependency section */

/* Begin PBXVariantGroup section */
		B001C0761BB2D7F300421F81 /* LaunchScreen.storyboard */ = {
			isa = PBXVariantGroup;
			children = (
				B001C0771BB2D7F300421F81 /* Base */,
			);
			name = LaunchScreen.storyboard;
			sourceTree = "<group>";
		};
/* End PBXVariantGroup section */

/* Begin XCBuildConfiguration section */
		B001C0901BB2D7F300421F81 /* Debug */ = {
			isa = XCBuildConfiguration;
			buildSettings = {
				ALWAYS_SEARCH_USER_PATHS = NO;
				CLANG_CXX_LANGUAGE_STANDARD = "gnu++0x";
				CLANG_CXX_LIBRARY = "libc++";
				CLANG_ENABLE_MODULES = YES;
				CLANG_ENABLE_OBJC_ARC = YES;
				CLANG_WARN_BOOL_CONVERSION = YES;
				CLANG_WARN_CONSTANT_CONVERSION = YES;
				CLANG_WARN_DIRECT_OBJC_ISA_USAGE = YES_ERROR;
				CLANG_WARN_EMPTY_BODY = YES;
				CLANG_WARN_ENUM_CONVERSION = YES;
				CLANG_WARN_INT_CONVERSION = YES;
				CLANG_WARN_OBJC_ROOT_CLASS = YES_ERROR;
				CLANG_WARN_UNREACHABLE_CODE = YES;
				CLANG_WARN__DUPLICATE_METHOD_MATCH = YES;
				"CODE_SIGN_IDENTITY[sdk=iphoneos*]" = "iPhone Developer";
				COPY_PHASE_STRIP = NO;
				DEBUG_INFORMATION_FORMAT = dwarf;
				ENABLE_STRICT_OBJC_MSGSEND = YES;
				ENABLE_TESTABILITY = YES;
				GCC_C_LANGUAGE_STANDARD = gnu99;
				GCC_DYNAMIC_NO_PIC = NO;
				GCC_NO_COMMON_BLOCKS = YES;
				GCC_OPTIMIZATION_LEVEL = 0;
				GCC_PREPROCESSOR_DEFINITIONS = (
					"DEBUG=1",
					"$(inherited)",
				);
				GCC_WARN_64_TO_32_BIT_CONVERSION = YES;
				GCC_WARN_ABOUT_RETURN_TYPE = YES_ERROR;
				GCC_WARN_UNDECLARED_SELECTOR = YES;
				GCC_WARN_UNINITIALIZED_AUTOS = YES_AGGRESSIVE;
				GCC_WARN_UNUSED_FUNCTION = YES;
				GCC_WARN_UNUSED_VARIABLE = YES;
				IPHONEOS_DEPLOYMENT_TARGET = 9.0;
				MTL_ENABLE_DEBUG_INFO = YES;
				ONLY_ACTIVE_ARCH = YES;
				SDKROOT = iphoneos;
				TARGETED_DEVICE_FAMILY = "1,2";
			};
			name = Debug;
		};
		B001C0911BB2D7F300421F81 /* Release */ = {
			isa = XCBuildConfiguration;
			buildSettings = {
				ALWAYS_SEARCH_USER_PATHS = NO;
				CLANG_CXX_LANGUAGE_STANDARD = "gnu++0x";
				CLANG_CXX_LIBRARY = "libc++";
				CLANG_ENABLE_MODULES = YES;
				CLANG_ENABLE_OBJC_ARC = YES;
				CLANG_WARN_BOOL_CONVERSION = YES;
				CLANG_WARN_CONSTANT_CONVERSION = YES;
				CLANG_WARN_DIRECT_OBJC_ISA_USAGE = YES_ERROR;
				CLANG_WARN_EMPTY_BODY = YES;
				CLANG_WARN_ENUM_CONVERSION = YES;
				CLANG_WARN_INT_CONVERSION = YES;
				CLANG_WARN_OBJC_ROOT_CLASS = YES_ERROR;
				CLANG_WARN_UNREACHABLE_CODE = YES;
				CLANG_WARN__DUPLICATE_METHOD_MATCH = YES;
				"CODE_SIGN_IDENTITY[sdk=iphoneos*]" = "iPhone Developer";
				COPY_PHASE_STRIP = NO;
				DEBUG_INFORMATION_FORMAT = "dwarf-with-dsym";
				ENABLE_NS_ASSERTIONS = NO;
				ENABLE_STRICT_OBJC_MSGSEND = YES;
				GCC_C_LANGUAGE_STANDARD = gnu99;
				GCC_NO_COMMON_BLOCKS = YES;
				GCC_WARN_64_TO_32_BIT_CONVERSION = YES;
				GCC_WARN_ABOUT_RETURN_TYPE = YES_ERROR;
				GCC_WARN_UNDECLARED_SELECTOR = YES;
				GCC_WARN_UNINITIALIZED_AUTOS = YES_AGGRESSIVE;
				GCC_WARN_UNUSED_FUNCTION = YES;
				GCC_WARN_UNUSED_VARIABLE = YES;
				IPHONEOS_DEPLOYMENT_TARGET = 9.0;
				MTL_ENABLE_DEBUG_INFO = NO;
				SDKROOT = iphoneos;
				TARGETED_DEVICE_FAMILY = "1,2";
				VALIDATE_PRODUCT = YES;
			};
			name = Release;
		};
		B001C0931BB2D7F300421F81 /* Debug */ = {
			isa = XCBuildConfiguration;
			buildSettings = {
				ASSETCATALOG_COMPILER_APPICON_NAME = AppIcon;
				INFOPLIST_FILE = MiniDo/Info.plist;
				LD_RUNPATH_SEARCH_PATHS = "$(inherited) @executable_path/Frameworks";
				PRODUCT_BUNDLE_IDENTIFIER = MD.MiniDo;
				PRODUCT_NAME = "$(TARGET_NAME)";
				TARGETED_DEVICE_FAMILY = "1,2";
			};
			name = Debug;
		};
		B001C0941BB2D7F300421F81 /* Release */ = {
			isa = XCBuildConfiguration;
			buildSettings = {
				ASSETCATALOG_COMPILER_APPICON_NAME = AppIcon;
				INFOPLIST_FILE = MiniDo/Info.plist;
				LD_RUNPATH_SEARCH_PATHS = "$(inherited) @executable_path/Frameworks";
				PRODUCT_BUNDLE_IDENTIFIER = MD.MiniDo;
				PRODUCT_NAME = "$(TARGET_NAME)";
				TARGETED_DEVICE_FAMILY = "1,2";
			};
			name = Release;
		};
		B001C0961BB2D7F300421F81 /* Debug */ = {
			isa = XCBuildConfiguration;
			buildSettings = {
				BUNDLE_LOADER = "$(TEST_HOST)";
				INFOPLIST_FILE = MiniDoTests/Info.plist;
				LD_RUNPATH_SEARCH_PATHS = "$(inherited) @executable_path/Frameworks @loader_path/Frameworks";
				PRODUCT_BUNDLE_IDENTIFIER = MD.MiniDoTests;
				PRODUCT_NAME = "$(TARGET_NAME)";
				TEST_HOST = "$(BUILT_PRODUCTS_DIR)/MiniDo.app/MiniDo";
			};
			name = Debug;
		};
		B001C0971BB2D7F300421F81 /* Release */ = {
			isa = XCBuildConfiguration;
			buildSettings = {
				BUNDLE_LOADER = "$(TEST_HOST)";
				INFOPLIST_FILE = MiniDoTests/Info.plist;
				LD_RUNPATH_SEARCH_PATHS = "$(inherited) @executable_path/Frameworks @loader_path/Frameworks";
				PRODUCT_BUNDLE_IDENTIFIER = MD.MiniDoTests;
				PRODUCT_NAME = "$(TARGET_NAME)";
				TEST_HOST = "$(BUILT_PRODUCTS_DIR)/MiniDo.app/MiniDo";
			};
			name = Release;
		};
		B001C0991BB2D7F300421F81 /* Debug */ = {
			isa = XCBuildConfiguration;
			buildSettings = {
				INFOPLIST_FILE = MiniDoUITests/Info.plist;
				LD_RUNPATH_SEARCH_PATHS = "$(inherited) @executable_path/Frameworks @loader_path/Frameworks";
				PRODUCT_BUNDLE_IDENTIFIER = MD.MiniDoUITests;
				PRODUCT_NAME = "$(TARGET_NAME)";
				TEST_TARGET_NAME = MiniDo;
				USES_XCTRUNNER = YES;
			};
			name = Debug;
		};
		B001C09A1BB2D7F300421F81 /* Release */ = {
			isa = XCBuildConfiguration;
			buildSettings = {
				INFOPLIST_FILE = MiniDoUITests/Info.plist;
				LD_RUNPATH_SEARCH_PATHS = "$(inherited) @executable_path/Frameworks @loader_path/Frameworks";
				PRODUCT_BUNDLE_IDENTIFIER = MD.MiniDoUITests;
				PRODUCT_NAME = "$(TARGET_NAME)";
				TEST_TARGET_NAME = MiniDo;
				USES_XCTRUNNER = YES;
			};
			name = Release;
		};
/* End XCBuildConfiguration section */

/* Begin XCConfigurationList section */
		B001C05D1BB2D7F200421F81 /* Build configuration list for PBXProject "MiniDo" */ = {
			isa = XCConfigurationList;
			buildConfigurations = (
				B001C0901BB2D7F300421F81 /* Debug */,
				B001C0911BB2D7F300421F81 /* Release */,
			);
			defaultConfigurationIsVisible = 0;
			defaultConfigurationName = Release;
		};
		B001C0921BB2D7F300421F81 /* Build configuration list for PBXNativeTarget "MiniDo" */ = {
			isa = XCConfigurationList;
			buildConfigurations = (
				B001C0931BB2D7F300421F81 /* Debug */,
				B001C0941BB2D7F300421F81 /* Release */,
			);
			defaultConfigurationIsVisible = 0;
			defaultConfigurationName = Release;
		};
		B001C0951BB2D7F300421F81 /* Build configuration list for PBXNativeTarget "MiniDoTests" */ = {
			isa = XCConfigurationList;
			buildConfigurations = (
				B001C0961BB2D7F300421F81 /* Debug */,
				B001C0971BB2D7F300421F81 /* Release */,
			);
			defaultConfigurationIsVisible = 0;
			defaultConfigurationName = Release;
		};
		B001C0981BB2D7F300421F81 /* Build configuration list for PBXNativeTarget "MiniDoUITests" */ = {
			isa = XCConfigurationList;
			buildConfigurations = (
				B001C0991BB2D7F300421F81 /* Debug */,
				B001C09A1BB2D7F300421F81 /* Release */,
			);
			defaultConfigurationIsVisible = 0;
			defaultConfigurationName = Release;
		};
/* End XCConfigurationList section */

/* Begin XCVersionGroup section */
		B001C0711BB2D7F300421F81 /* MiniDo.xcdatamodeld */ = {
			isa = XCVersionGroup;
			children = (
				B001C0721BB2D7F300421F81 /* MiniDo.xcdatamodel */,
			);
			currentVersion = B001C0721BB2D7F300421F81 /* MiniDo.xcdatamodel */;
			path = MiniDo.xcdatamodeld;
			sourceTree = "<group>";
			versionGroupType = wrapper.xcdatamodel;
		};
/* End XCVersionGroup section */
	};
	rootObject = B001C05A1BB2D7F200421F81 /* Project object */;
}
